
Microsoft Visual Studio Solution File, Format Version 12.00
# Visual Studio Version 16
VisualStudioVersion = 16.0.31410.357
MinimumVisualStudioVersion = 10.0.40219.1
Project("{FAE04EC0-301F-11D3-BF4B-00C04F79EFBC}") = "AsynchronousPrograming.AsyncIEnumerable", "AsynchronousPrograming.AsyncIEnumerable\AsynchronousPrograming.AsyncIEnumerable.csproj", "{086B8A37-F71F-46D4-801E-5E5DBF28897B}"
EndProject
Project("{FAE04EC0-301F-11D3-BF4B-00C04F79EFBC}") = "AsynchronousPrograming.ParallelForLoopAndInvoke", "AsynchronousPrograming.ParallelProcessing\AsynchronousPrograming.ParallelForLoopAndInvoke.csproj", "{C048E97B-FCCA-469A-9B21-A3F2B50C9B42}"
EndProject
Project("{FAE04EC0-301F-11D3-BF4B-00C04F79EFBC}") = "AsynchronousPrograming.ParallelAggregate", "AsynchronousPrograming.ParallelAggregate\AsynchronousPrograming.ParallelAggregate.csproj", "{120D2BA5-AF24-44B8-941D-651DBBEBEFA1}"
EndProject
Project("{FAE04EC0-301F-11D3-BF4B-00C04F79EFBC}") = "AsynchronousPrograming.SystemReactive", "AsynchronousPrograming.SystemReactive\AsynchronousPrograming.SystemReactive.csproj", "{7413902D-B6E5-40DD-BB2F-55E9B55341F6}"
EndProject
Project("{FAE04EC0-301F-11D3-BF4B-00C04F79EFBC}") = "AsynchronousPrograming.RxBasics", "AsynchronousPrograming.RxBasics\AsynchronousPrograming.RxBasics.csproj", "{FDCF2A13-CABB-400F-A4A8-5AF1ADEA8E24}"
EndProject
Project("{FAE04EC0-301F-11D3-BF4B-00C04F79EFBC}") = "AsynchronousPrograming.RxInAction", "AsynchronousPrograming.RxInAction\AsynchronousPrograming.RxInAction.csproj", "{5ECBEE25-6EA9-49A4-8183-42638E29FF91}"
EndProject
Global
	GlobalSection(SolutionConfigurationPlatforms) = preSolution
		Debug|Any CPU = Debug|Any CPU
		Release|Any CPU = Release|Any CPU
	EndGlobalSection
	GlobalSection(ProjectConfigurationPlatforms) = postSolution
		{086B8A37-F71F-46D4-801E-5E5DBF28897B}.Debug|Any CPU.ActiveCfg = Debug|Any CPU
		{086B8A37-F71F-46D4-801E-5E5DBF28897B}.Debug|Any CPU.Build.0 = Debug|Any CPU
		{086B8A37-F71F-46D4-801E-5E5DBF28897B}.Release|Any CPU.ActiveCfg = Release|Any CPU
		{086B8A37-F71F-46D4-801E-5E5DBF28897B}.Release|Any CPU.Build.0 = Release|Any CPU
		{C048E97B-FCCA-469A-9B21-A3F2B50C9B42}.Debug|Any CPU.ActiveCfg = Debug|Any CPU
		{C048E97B-FCCA-469A-9B21-A3F2B50C9B42}.Debug|Any CPU.Build.0 = Debug|Any CPU
		{C048E97B-FCCA-469A-9B21-A3F2B50C9B42}.Release|Any CPU.ActiveCfg = Release|Any CPU
		{C048E97B-FCCA-469A-9B21-A3F2B50C9B42}.Release|Any CPU.Build.0 = Release|Any CPU
		{120D2BA5-AF24-44B8-941D-651DBBEBEFA1}.Debug|Any CPU.ActiveCfg = Debug|Any CPU
		{120D2BA5-AF24-44B8-941D-651DBBEBEFA1}.Debug|Any CPU.Build.0 = Debug|Any CPU
		{120D2BA5-AF24-44B8-941D-651DBBEBEFA1}.Release|Any CPU.ActiveCfg = Release|Any CPU
		{120D2BA5-AF24-44B8-941D-651DBBEBEFA1}.Release|Any CPU.Build.0 = Release|Any CPU
		{7413902D-B6E5-40DD-BB2F-55E9B55341F6}.Debug|Any CPU.ActiveCfg = Debug|Any CPU
		{7413902D-B6E5-40DD-BB2F-55E9B55341F6}.Debug|Any CPU.Build.0 = Debug|Any CPU
		{7413902D-B6E5-40DD-BB2F-55E9B55341F6}.Release|Any CPU.ActiveCfg = Release|Any CPU
		{7413902D-B6E5-40DD-BB2F-55E9B55341F6}.Release|Any CPU.Build.0 = Release|Any CPU
		{FDCF2A13-CABB-400F-A4A8-5AF1ADEA8E24}.Debug|Any CPU.ActiveCfg = Debug|Any CPU
		{FDCF2A13-CABB-400F-A4A8-5AF1ADEA8E24}.Debug|Any CPU.Build.0 = Debug|Any CPU
		{FDCF2A13-CABB-400F-A4A8-5AF1ADEA8E24}.Release|Any CPU.ActiveCfg = Release|Any CPU
		{FDCF2A13-CABB-400F-A4A8-5AF1ADEA8E24}.Release|Any CPU.Build.0 = Release|Any CPU
		{5ECBEE25-6EA9-49A4-8183-42638E29FF91}.Debug|Any CPU.ActiveCfg = Debug|Any CPU
		{5ECBEE25-6EA9-49A4-8183-42638E29FF91}.Debug|Any CPU.Build.0 = Debug|Any CPU
		{5ECBEE25-6EA9-49A4-8183-42638E29FF91}.Release|Any CPU.ActiveCfg = Release|Any CPU
		{5ECBEE25-6EA9-49A4-8183-42638E29FF91}.Release|Any CPU.Build.0 = Release|Any CPU
	EndGlobalSection
	GlobalSection(SolutionProperties) = preSolution
		HideSolutionNode = FALSE
	EndGlobalSection
	GlobalSection(ExtensibilityGlobals) = postSolution
		SolutionGuid = {ED21C042-85FB-43B6-A004-0E3312A59197}
	EndGlobalSection
EndGlobal
